
Microsoft Visual Studio Solution File, Format Version 12.00
# Visual Studio Version 17
VisualStudioVersion = 17.7.34031.279
MinimumVisualStudioVersion = 10.0.40219.1
Project("{9A19103F-16F7-4668-BE54-9A1E7A4F7556}") = "Kreta.Web.Client", "Client\Kreta.Web.Client.csproj", "{DF34CBEA-B946-47CE-B671-91ED994E70C9}"
EndProject
Project("{9A19103F-16F7-4668-BE54-9A1E7A4F7556}") = "Kreta.Web.Shared", "Shared\Kreta.Web.Shared.csproj", "{B3A546A7-35DF-4224-9B9A-48F7DFD0639B}"
EndProject
Project("{9A19103F-16F7-4668-BE54-9A1E7A4F7556}") = "Kreata.Backend", "..\Kreata.Backend\Kreata.Backend.csproj", "{856CD506-C2DA-4377-9300-B18468FBE05D}"
EndProject
Project("{9A19103F-16F7-4668-BE54-9A1E7A4F7556}") = "Kreta.HttpService", "..\Kreta.HttpService\Kreta.HttpService.csproj", "{51311FB4-9256-4DB5-A011-AD4FC61C101A}"
EndProject
Project("{9A19103F-16F7-4668-BE54-9A1E7A4F7556}") = "Kreta.Shared", "..\Kreta.Shared\Kreta.Shared.csproj", "{E94B097F-D7C0-4A77-88AB-BE80D670794B}"
EndProject
Global
	GlobalSection(SolutionConfigurationPlatforms) = preSolution
		Debug|Any CPU = Debug|Any CPU
		Release|Any CPU = Release|Any CPU
	EndGlobalSection
	GlobalSection(ProjectConfigurationPlatforms) = postSolution
		{DF34CBEA-B946-47CE-B671-91ED994E70C9}.Debug|Any CPU.ActiveCfg = Debug|Any CPU
		{DF34CBEA-B946-47CE-B671-91ED994E70C9}.Debug|Any CPU.Build.0 = Debug|Any CPU
		{DF34CBEA-B946-47CE-B671-91ED994E70C9}.Release|Any CPU.ActiveCfg = Release|Any CPU
		{DF34CBEA-B946-47CE-B671-91ED994E70C9}.Release|Any CPU.Build.0 = Release|Any CPU
		{B3A546A7-35DF-4224-9B9A-48F7DFD0639B}.Debug|Any CPU.ActiveCfg = Debug|Any CPU
		{B3A546A7-35DF-4224-9B9A-48F7DFD0639B}.Debug|Any CPU.Build.0 = Debug|Any CPU
		{B3A546A7-35DF-4224-9B9A-48F7DFD0639B}.Release|Any CPU.ActiveCfg = Release|Any CPU
		{B3A546A7-35DF-4224-9B9A-48F7DFD0639B}.Release|Any CPU.Build.0 = Release|Any CPU
		{856CD506-C2DA-4377-9300-B18468FBE05D}.Debug|Any CPU.ActiveCfg = Debug|Any CPU
		{856CD506-C2DA-4377-9300-B18468FBE05D}.Debug|Any CPU.Build.0 = Debug|Any CPU
		{856CD506-C2DA-4377-9300-B18468FBE05D}.Release|Any CPU.ActiveCfg = Release|Any CPU
		{856CD506-C2DA-4377-9300-B18468FBE05D}.Release|Any CPU.Build.0 = Release|Any CPU
		{51311FB4-9256-4DB5-A011-AD4FC61C101A}.Debug|Any CPU.ActiveCfg = Debug|Any CPU
		{51311FB4-9256-4DB5-A011-AD4FC61C101A}.Debug|Any CPU.Build.0 = Debug|Any CPU
		{51311FB4-9256-4DB5-A011-AD4FC61C101A}.Release|Any CPU.ActiveCfg = Release|Any CPU
		{51311FB4-9256-4DB5-A011-AD4FC61C101A}.Release|Any CPU.Build.0 = Release|Any CPU
		{E94B097F-D7C0-4A77-88AB-BE80D670794B}.Debug|Any CPU.ActiveCfg = Debug|Any CPU
		{E94B097F-D7C0-4A77-88AB-BE80D670794B}.Debug|Any CPU.Build.0 = Debug|Any CPU
		{E94B097F-D7C0-4A77-88AB-BE80D670794B}.Release|Any CPU.ActiveCfg = Release|Any CPU
		{E94B097F-D7C0-4A77-88AB-BE80D670794B}.Release|Any CPU.Build.0 = Release|Any CPU
	EndGlobalSection
	GlobalSection(SolutionProperties) = preSolution
		HideSolutionNode = FALSE
	EndGlobalSection
	GlobalSection(ExtensibilityGlobals) = postSolution
		SolutionGuid = {30FB95B3-9ED9-4D8D-B04E-2A064C173D2C}
	EndGlobalSection
EndGlobal
